// !$*UTF8*$!
{
	archiveVersion = 1;
	classes = {
	};
	objectVersion = 56;
	objects = {

/* Begin PBXBuildFile section */
		DEF86840292A9DF900C70CAE /* AppDelegate.swift in Sources */ = {isa = PBXBuildFile; fileRef = DEF8683F292A9DF900C70CAE /* AppDelegate.swift */; };
		DEF86842292A9DF900C70CAE /* SceneDelegate.swift in Sources */ = {isa = PBXBuildFile; fileRef = DEF86841292A9DF900C70CAE /* SceneDelegate.swift */; };
		DEF86844292A9DF900C70CAE /* ViewController.swift in Sources */ = {isa = PBXBuildFile; fileRef = DEF86843292A9DF900C70CAE /* ViewController.swift */; };
		DEF86847292A9DF900C70CAE /* Main.storyboard in Resources */ = {isa = PBXBuildFile; fileRef = DEF86845292A9DF900C70CAE /* Main.storyboard */; };
		DEF86849292A9DFB00C70CAE /* Assets.xcassets in Resources */ = {isa = PBXBuildFile; fileRef = DEF86848292A9DFB00C70CAE /* Assets.xcassets */; };
		DEF8684C292A9DFB00C70CAE /* LaunchScreen.storyboard in Resources */ = {isa = PBXBuildFile; fileRef = DEF8684A292A9DFB00C70CAE /* LaunchScreen.storyboard */; };
		DEF86857292A9DFB00C70CAE /* ContractorCalculatorIOSTests.swift in Sources */ = {isa = PBXBuildFile; fileRef = DEF86856292A9DFB00C70CAE /* ContractorCalculatorIOSTests.swift */; };
		DEF86861292A9DFB00C70CAE /* ContractorCalculatorIOSUITests.swift in Sources */ = {isa = PBXBuildFile; fileRef = DEF86860292A9DFB00C70CAE /* ContractorCalculatorIOSUITests.swift */; };
		DEF86863292A9DFB00C70CAE /* ContractorCalculatorIOSUITestsLaunchTests.swift in Sources */ = {isa = PBXBuildFile; fileRef = DEF86862292A9DFB00C70CAE /* ContractorCalculatorIOSUITestsLaunchTests.swift */; };
/* End PBXBuildFile section */

/* Begin PBXContainerItemProxy section */
		DEF86853292A9DFB00C70CAE /* PBXContainerItemProxy */ = {
			isa = PBXContainerItemProxy;
			containerPortal = DEF86834292A9DF800C70CAE /* Project object */;
			proxyType = 1;
			remoteGlobalIDString = DEF8683B292A9DF900C70CAE;
			remoteInfo = ContractorCalculatorIOS;
		};
		DEF8685D292A9DFB00C70CAE /* PBXContainerItemProxy */ = {
			isa = PBXContainerItemProxy;
			containerPortal = DEF86834292A9DF800C70CAE /* Project object */;
			proxyType = 1;
			remoteGlobalIDString = DEF8683B292A9DF900C70CAE;
			remoteInfo = ContractorCalculatorIOS;
		};
/* End PBXContainerItemProxy section */

/* Begin PBXFileReference section */
		DEF8683C292A9DF900C70CAE /* ContractorCalculatorIOS.app */ = {isa = PBXFileReference; explicitFileType = wrapper.application; includeInIndex = 0; path = ContractorCalculatorIOS.app; sourceTree = BUILT_PRODUCTS_DIR; };
		DEF8683F292A9DF900C70CAE /* AppDelegate.swift */ = {isa = PBXFileReference; lastKnownFileType = sourcecode.swift; path = AppDelegate.swift; sourceTree = "<group>"; };
		DEF86841292A9DF900C70CAE /* SceneDelegate.swift */ = {isa = PBXFileReference; lastKnownFileType = sourcecode.swift; path = SceneDelegate.swift; sourceTree = "<group>"; };
		DEF86843292A9DF900C70CAE /* ViewController.swift */ = {isa = PBXFileReference; lastKnownFileType = sourcecode.swift; path = ViewController.swift; sourceTree = "<group>"; };
		DEF86846292A9DF900C70CAE /* Base */ = {isa = PBXFileReference; lastKnownFileType = file.storyboard; name = Base; path = Base.lproj/Main.storyboard; sourceTree = "<group>"; };
		DEF86848292A9DFB00C70CAE /* Assets.xcassets */ = {isa = PBXFileReference; lastKnownFileType = folder.assetcatalog; path = Assets.xcassets; sourceTree = "<group>"; };
		DEF8684B292A9DFB00C70CAE /* Base */ = {isa = PBXFileReference; lastKnownFileType = file.storyboard; name = Base; path = Base.lproj/LaunchScreen.storyboard; sourceTree = "<group>"; };
		DEF8684D292A9DFB00C70CAE /* Info.plist */ = {isa = PBXFileReference; lastKnownFileType = text.plist.xml; path = Info.plist; sourceTree = "<group>"; };
		DEF86852292A9DFB00C70CAE /* ContractorCalculatorIOSTests.xctest */ = {isa = PBXFileReference; explicitFileType = wrapper.cfbundle; includeInIndex = 0; path = ContractorCalculatorIOSTests.xctest; sourceTree = BUILT_PRODUCTS_DIR; };
		DEF86856292A9DFB00C70CAE /* ContractorCalculatorIOSTests.swift */ = {isa = PBXFileReference; lastKnownFileType = sourcecode.swift; path = ContractorCalculatorIOSTests.swift; sourceTree = "<group>"; };
		DEF8685C292A9DFB00C70CAE /* ContractorCalculatorIOSUITests.xctest */ = {isa = PBXFileReference; explicitFileType = wrapper.cfbundle; includeInIndex = 0; path = ContractorCalculatorIOSUITests.xctest; sourceTree = BUILT_PRODUCTS_DIR; };
		DEF86860292A9DFB00C70CAE /* ContractorCalculatorIOSUITests.swift */ = {isa = PBXFileReference; lastKnownFileType = sourcecode.swift; path = ContractorCalculatorIOSUITests.swift; sourceTree = "<group>"; };
		DEF86862292A9DFB00C70CAE /* ContractorCalculatorIOSUITestsLaunchTests.swift */ = {isa = PBXFileReference; lastKnownFileType = sourcecode.swift; path = ContractorCalculatorIOSUITestsLaunchTests.swift; sourceTree = "<group>"; };
/* End PBXFileReference section */

/* Begin PBXFrameworksBuildPhase section */
		DEF86839292A9DF900C70CAE /* Frameworks */ = {
			isa = PBXFrameworksBuildPhase;
			buildActionMask = 2147483647;
			files = (
			);
			runOnlyForDeploymentPostprocessing = 0;
		};
		DEF8684F292A9DFB00C70CAE /* Frameworks */ = {
			isa = PBXFrameworksBuildPhase;
			buildActionMask = 2147483647;
			files = (
			);
			runOnlyForDeploymentPostprocessing = 0;
		};
		DEF86859292A9DFB00C70CAE /* Frameworks */ = {
			isa = PBXFrameworksBuildPhase;
			buildActionMask = 2147483647;
			files = (
			);
			runOnlyForDeploymentPostprocessing = 0;
		};
/* End PBXFrameworksBuildPhase section */

/* Begin PBXGroup section */
		DEF86833292A9DF800C70CAE = {
			isa = PBXGroup;
			children = (
				DEF8683E292A9DF900C70CAE /* ContractorCalculatorIOS */,
				DEF86855292A9DFB00C70CAE /* ContractorCalculatorIOSTests */,
				DEF8685F292A9DFB00C70CAE /* ContractorCalculatorIOSUITests */,
				DEF8683D292A9DF900C70CAE /* Products */,
			);
			sourceTree = "<group>";
		};
		DEF8683D292A9DF900C70CAE /* Products */ = {
			isa = PBXGroup;
			children = (
				DEF8683C292A9DF900C70CAE /* ContractorCalculatorIOS.app */,
				DEF86852292A9DFB00C70CAE /* ContractorCalculatorIOSTests.xctest */,
				DEF8685C292A9DFB00C70CAE /* ContractorCalculatorIOSUITests.xctest */,
			);
			name = Products;
			sourceTree = "<group>";
		};
		DEF8683E292A9DF900C70CAE /* ContractorCalculatorIOS */ = {
			isa = PBXGroup;
			children = (
				DEF8683F292A9DF900C70CAE /* AppDelegate.swift */,
				DEF86841292A9DF900C70CAE /* SceneDelegate.swift */,
				DEF86843292A9DF900C70CAE /* ViewController.swift */,
				DEF86845292A9DF900C70CAE /* Main.storyboard */,
				DEF86848292A9DFB00C70CAE /* Assets.xcassets */,
				DEF8684A292A9DFB00C70CAE /* LaunchScreen.storyboard */,
				DEF8684D292A9DFB00C70CAE /* Info.plist */,
			);
			path = ContractorCalculatorIOS;
			sourceTree = "<group>";
		};
		DEF86855292A9DFB00C70CAE /* ContractorCalculatorIOSTests */ = {
			isa = PBXGroup;
			children = (
				DEF86856292A9DFB00C70CAE /* ContractorCalculatorIOSTests.swift */,
			);
			path = ContractorCalculatorIOSTests;
			sourceTree = "<group>";
		};
		DEF8685F292A9DFB00C70CAE /* ContractorCalculatorIOSUITests */ = {
			isa = PBXGroup;
			children = (
				DEF86860292A9DFB00C70CAE /* ContractorCalculatorIOSUITests.swift */,
				DEF86862292A9DFB00C70CAE /* ContractorCalculatorIOSUITestsLaunchTests.swift */,
			);
			path = ContractorCalculatorIOSUITests;
			sourceTree = "<group>";
		};
/* End PBXGroup section */

/* Begin PBXNativeTarget section */
		DEF8683B292A9DF900C70CAE /* ContractorCalculatorIOS */ = {
			isa = PBXNativeTarget;
			buildConfigurationList = DEF86866292A9DFB00C70CAE /* Build configuration list for PBXNativeTarget "ContractorCalculatorIOS" */;
			buildPhases = (
				DEF86838292A9DF900C70CAE /* Sources */,
				DEF86839292A9DF900C70CAE /* Frameworks */,
				DEF8683A292A9DF900C70CAE /* Resources */,
			);
			buildRules = (
			);
			dependencies = (
			);
			name = ContractorCalculatorIOS;
			productName = ContractorCalculatorIOS;
			productReference = DEF8683C292A9DF900C70CAE /* ContractorCalculatorIOS.app */;
			productType = "com.apple.product-type.application";
		};
		DEF86851292A9DFB00C70CAE /* ContractorCalculatorIOSTests */ = {
			isa = PBXNativeTarget;
			buildConfigurationList = DEF86869292A9DFB00C70CAE /* Build configuration list for PBXNativeTarget "ContractorCalculatorIOSTests" */;
			buildPhases = (
				DEF8684E292A9DFB00C70CAE /* Sources */,
				DEF8684F292A9DFB00C70CAE /* Frameworks */,
				DEF86850292A9DFB00C70CAE /* Resources */,
			);
			buildRules = (
			);
			dependencies = (
				DEF86854292A9DFB00C70CAE /* PBXTargetDependency */,
			);
			name = ContractorCalculatorIOSTests;
			productName = ContractorCalculatorIOSTests;
			productReference = DEF86852292A9DFB00C70CAE /* ContractorCalculatorIOSTests.xctest */;
			productType = "com.apple.product-type.bundle.unit-test";
		};
		DEF8685B292A9DFB00C70CAE /* ContractorCalculatorIOSUITests */ = {
			isa = PBXNativeTarget;
			buildConfigurationList = DEF8686C292A9DFB00C70CAE /* Build configuration list for PBXNativeTarget "ContractorCalculatorIOSUITests" */;
			buildPhases = (
				DEF86858292A9DFB00C70CAE /* Sources */,
				DEF86859292A9DFB00C70CAE /* Frameworks */,
				DEF8685A292A9DFB00C70CAE /* Resources */,
			);
			buildRules = (
			);
			dependencies = (
				DEF8685E292A9DFB00C70CAE /* PBXTargetDependency */,
			);
			name = ContractorCalculatorIOSUITests;
			productName = ContractorCalculatorIOSUITests;
			productReference = DEF8685C292A9DFB00C70CAE /* ContractorCalculatorIOSUITests.xctest */;
			productType = "com.apple.product-type.bundle.ui-testing";
		};
/* End PBXNativeTarget section */

/* Begin PBXProject section */
		DEF86834292A9DF800C70CAE /* Project object */ = {
			isa = PBXProject;
			attributes = {
				BuildIndependentTargetsInParallel = 1;
				LastSwiftUpdateCheck = 1410;
				LastUpgradeCheck = 1410;
				TargetAttributes = {
					DEF8683B292A9DF900C70CAE = {
						CreatedOnToolsVersion = 14.1;
					};
					DEF86851292A9DFB00C70CAE = {
						CreatedOnToolsVersion = 14.1;
						TestTargetID = DEF8683B292A9DF900C70CAE;
					};
					DEF8685B292A9DFB00C70CAE = {
						CreatedOnToolsVersion = 14.1;
						TestTargetID = DEF8683B292A9DF900C70CAE;
					};
				};
			};
			buildConfigurationList = DEF86837292A9DF800C70CAE /* Build configuration list for PBXProject "ContractorCalculatorIOS" */;
			compatibilityVersion = "Xcode 14.0";
			developmentRegion = en;
			hasScannedForEncodings = 0;
			knownRegions = (
				en,
				Base,
			);
			mainGroup = DEF86833292A9DF800C70CAE;
			productRefGroup = DEF8683D292A9DF900C70CAE /* Products */;
			projectDirPath = "";
			projectRoot = "";
			targets = (
				DEF8683B292A9DF900C70CAE /* ContractorCalculatorIOS */,
				DEF86851292A9DFB00C70CAE /* ContractorCalculatorIOSTests */,
				DEF8685B292A9DFB00C70CAE /* ContractorCalculatorIOSUITests */,
			);
		};
/* End PBXProject section */

/* Begin PBXResourcesBuildPhase section */
		DEF8683A292A9DF900C70CAE /* Resources */ = {
			isa = PBXResourcesBuildPhase;
			buildActionMask = 2147483647;
			files = (
				DEF8684C292A9DFB00C70CAE /* LaunchScreen.storyboard in Resources */,
				DEF86849292A9DFB00C70CAE /* Assets.xcassets in Resources */,
				DEF86847292A9DF900C70CAE /* Main.storyboard in Resources */,
			);
			runOnlyForDeploymentPostprocessing = 0;
		};
		DEF86850292A9DFB00C70CAE /* Resources */ = {
			isa = PBXResourcesBuildPhase;
			buildActionMask = 2147483647;
			files = (
			);
			runOnlyForDeploymentPostprocessing = 0;
		};
		DEF8685A292A9DFB00C70CAE /* Resources */ = {
			isa = PBXResourcesBuildPhase;
			buildActionMask = 2147483647;
			files = (
			);
			runOnlyForDeploymentPostprocessing = 0;
		};
/* End PBXResourcesBuildPhase section */

/* Begin PBXSourcesBuildPhase section */
		DEF86838292A9DF900C70CAE /* Sources */ = {
			isa = PBXSourcesBuildPhase;
			buildActionMask = 2147483647;
			files = (
				DEF86844292A9DF900C70CAE /* ViewController.swift in Sources */,
				DEF86840292A9DF900C70CAE /* AppDelegate.swift in Sources */,
				DEF86842292A9DF900C70CAE /* SceneDelegate.swift in Sources */,
			);
			runOnlyForDeploymentPostprocessing = 0;
		};
		DEF8684E292A9DFB00C70CAE /* Sources */ = {
			isa = PBXSourcesBuildPhase;
			buildActionMask = 2147483647;
			files = (
				DEF86857292A9DFB00C70CAE /* ContractorCalculatorIOSTests.swift in Sources */,
			);
			runOnlyForDeploymentPostprocessing = 0;
		};
		DEF86858292A9DFB00C70CAE /* Sources */ = {
			isa = PBXSourcesBuildPhase;
			buildActionMask = 2147483647;
			files = (
				DEF86861292A9DFB00C70CAE /* ContractorCalculatorIOSUITests.swift in Sources */,
				DEF86863292A9DFB00C70CAE /* ContractorCalculatorIOSUITestsLaunchTests.swift in Sources */,
			);
			runOnlyForDeploymentPostprocessing = 0;
		};
/* End PBXSourcesBuildPhase section */

/* Begin PBXTargetDependency section */
		DEF86854292A9DFB00C70CAE /* PBXTargetDependency */ = {
			isa = PBXTargetDependency;
			target = DEF8683B292A9DF900C70CAE /* ContractorCalculatorIOS */;
			targetProxy = DEF86853292A9DFB00C70CAE /* PBXContainerItemProxy */;
		};
		DEF8685E292A9DFB00C70CAE /* PBXTargetDependency */ = {
			isa = PBXTargetDependency;
			target = DEF8683B292A9DF900C70CAE /* ContractorCalculatorIOS */;
			targetProxy = DEF8685D292A9DFB00C70CAE /* PBXContainerItemProxy */;
		};
/* End PBXTargetDependency section */

/* Begin PBXVariantGroup section */
		DEF86845292A9DF900C70CAE /* Main.storyboard */ = {
			isa = PBXVariantGroup;
			children = (
				DEF86846292A9DF900C70CAE /* Base */,
			);
			name = Main.storyboard;
			sourceTree = "<group>";
		};
		DEF8684A292A9DFB00C70CAE /* LaunchScreen.storyboard */ = {
			isa = PBXVariantGroup;
			children = (
				DEF8684B292A9DFB00C70CAE /* Base */,
			);
			name = LaunchScreen.storyboard;
			sourceTree = "<group>";
		};
/* End PBXVariantGroup section */

/* Begin XCBuildConfiguration section */
		DEF86864292A9DFB00C70CAE /* Debug */ = {
			isa = XCBuildConfiguration;
			buildSettings = {
				ALWAYS_SEARCH_USER_PATHS = NO;
				CLANG_ANALYZER_NONNULL = YES;
				CLANG_ANALYZER_NUMBER_OBJECT_CONVERSION = YES_AGGRESSIVE;
				CLANG_CXX_LANGUAGE_STANDARD = "gnu++20";
				CLANG_ENABLE_MODULES = YES;
				CLANG_ENABLE_OBJC_ARC = YES;
				CLANG_ENABLE_OBJC_WEAK = YES;
				CLANG_WARN_BLOCK_CAPTURE_AUTORELEASING = YES;
				CLANG_WARN_BOOL_CONVERSION = YES;
				CLANG_WARN_COMMA = YES;
				CLANG_WARN_CONSTANT_CONVERSION = YES;
				CLANG_WARN_DEPRECATED_OBJC_IMPLEMENTATIONS = YES;
				CLANG_WARN_DIRECT_OBJC_ISA_USAGE = YES_ERROR;
				CLANG_WARN_DOCUMENTATION_COMMENTS = YES;
				CLANG_WARN_EMPTY_BODY = YES;
				CLANG_WARN_ENUM_CONVERSION = YES;
				CLANG_WARN_INFINITE_RECURSION = YES;
				CLANG_WARN_INT_CONVERSION = YES;
				CLANG_WARN_NON_LITERAL_NULL_CONVERSION = YES;
				CLANG_WARN_OBJC_IMPLICIT_RETAIN_SELF = YES;
				CLANG_WARN_OBJC_LITERAL_CONVERSION = YES;
				CLANG_WARN_OBJC_ROOT_CLASS = YES_ERROR;
				CLANG_WARN_QUOTED_INCLUDE_IN_FRAMEWORK_HEADER = YES;
				CLANG_WARN_RANGE_LOOP_ANALYSIS = YES;
				CLANG_WARN_STRICT_PROTOTYPES = YES;
				CLANG_WARN_SUSPICIOUS_MOVE = YES;
				CLANG_WARN_UNGUARDED_AVAILABILITY = YES_AGGRESSIVE;
				CLANG_WARN_UNREACHABLE_CODE = YES;
				CLANG_WARN__DUPLICATE_METHOD_MATCH = YES;
				COPY_PHASE_STRIP = NO;
				DEBUG_INFORMATION_FORMAT = dwarf;
				ENABLE_STRICT_OBJC_MSGSEND = YES;
				ENABLE_TESTABILITY = YES;
				GCC_C_LANGUAGE_STANDARD = gnu11;
				GCC_DYNAMIC_NO_PIC = NO;
				GCC_NO_COMMON_BLOCKS = YES;
				GCC_OPTIMIZATION_LEVEL = 0;
				GCC_PREPROCESSOR_DEFINITIONS = (
					"DEBUG=1",
					"$(inherited)",
				);
				GCC_WARN_64_TO_32_BIT_CONVERSION = YES;
				GCC_WARN_ABOUT_RETURN_TYPE = YES_ERROR;
				GCC_WARN_UNDECLARED_SELECTOR = YES;
				GCC_WARN_UNINITIALIZED_AUTOS = YES_AGGRESSIVE;
				GCC_WARN_UNUSED_FUNCTION = YES;
				GCC_WARN_UNUSED_VARIABLE = YES;
				IPHONEOS_DEPLOYMENT_TARGET = 16.1;
				MTL_ENABLE_DEBUG_INFO = INCLUDE_SOURCE;
				MTL_FAST_MATH = YES;
				ONLY_ACTIVE_ARCH = YES;
				SDKROOT = iphoneos;
				SWIFT_ACTIVE_COMPILATION_CONDITIONS = DEBUG;
				SWIFT_OPTIMIZATION_LEVEL = "-Onone";
			};
			name = Debug;
		};
		DEF86865292A9DFB00C70CAE /* Release */ = {
			isa = XCBuildConfiguration;
			buildSettings = {
				ALWAYS_SEARCH_USER_PATHS = NO;
				CLANG_ANALYZER_NONNULL = YES;
				CLANG_ANALYZER_NUMBER_OBJECT_CONVERSION = YES_AGGRESSIVE;
				CLANG_CXX_LANGUAGE_STANDARD = "gnu++20";
				CLANG_ENABLE_MODULES = YES;
				CLANG_ENABLE_OBJC_ARC = YES;
				CLANG_ENABLE_OBJC_WEAK = YES;
				CLANG_WARN_BLOCK_CAPTURE_AUTORELEASING = YES;
				CLANG_WARN_BOOL_CONVERSION = YES;
				CLANG_WARN_COMMA = YES;
				CLANG_WARN_CONSTANT_CONVERSION = YES;
				CLANG_WARN_DEPRECATED_OBJC_IMPLEMENTATIONS = YES;
				CLANG_WARN_DIRECT_OBJC_ISA_USAGE = YES_ERROR;
				CLANG_WARN_DOCUMENTATION_COMMENTS = YES;
				CLANG_WARN_EMPTY_BODY = YES;
				CLANG_WARN_ENUM_CONVERSION = YES;
				CLANG_WARN_INFINITE_RECURSION = YES;
				CLANG_WARN_INT_CONVERSION = YES;
				CLANG_WARN_NON_LITERAL_NULL_CONVERSION = YES;
				CLANG_WARN_OBJC_IMPLICIT_RETAIN_SELF = YES;
				CLANG_WARN_OBJC_LITERAL_CONVERSION = YES;
				CLANG_WARN_OBJC_ROOT_CLASS = YES_ERROR;
				CLANG_WARN_QUOTED_INCLUDE_IN_FRAMEWORK_HEADER = YES;
				CLANG_WARN_RANGE_LOOP_ANALYSIS = YES;
				CLANG_WARN_STRICT_PROTOTYPES = YES;
				CLANG_WARN_SUSPICIOUS_MOVE = YES;
				CLANG_WARN_UNGUARDED_AVAILABILITY = YES_AGGRESSIVE;
				CLANG_WARN_UNREACHABLE_CODE = YES;
				CLANG_WARN__DUPLICATE_METHOD_MATCH = YES;
				COPY_PHASE_STRIP = NO;
				DEBUG_INFORMATION_FORMAT = "dwarf-with-dsym";
				ENABLE_NS_ASSERTIONS = NO;
				ENABLE_STRICT_OBJC_MSGSEND = YES;
				GCC_C_LANGUAGE_STANDARD = gnu11;
				GCC_NO_COMMON_BLOCKS = YES;
				GCC_WARN_64_TO_32_BIT_CONVERSION = YES;
				GCC_WARN_ABOUT_RETURN_TYPE = YES_ERROR;
				GCC_WARN_UNDECLARED_SELECTOR = YES;
				GCC_WARN_UNINITIALIZED_AUTOS = YES_AGGRESSIVE;
				GCC_WARN_UNUSED_FUNCTION = YES;
				GCC_WARN_UNUSED_VARIABLE = YES;
				IPHONEOS_DEPLOYMENT_TARGET = 16.1;
				MTL_ENABLE_DEBUG_INFO = NO;
				MTL_FAST_MATH = YES;
				SDKROOT = iphoneos;
				SWIFT_COMPILATION_MODE = wholemodule;
				SWIFT_OPTIMIZATION_LEVEL = "-O";
				VALIDATE_PRODUCT = YES;
			};
			name = Release;
		};
		DEF86867292A9DFB00C70CAE /* Debug */ = {
			isa = XCBuildConfiguration;
			buildSettings = {
				ASSETCATALOG_COMPILER_APPICON_NAME = AppIcon;
				ASSETCATALOG_COMPILER_GLOBAL_ACCENT_COLOR_NAME = AccentColor;
				CODE_SIGN_STYLE = Automatic;
				CURRENT_PROJECT_VERSION = 1;
				GENERATE_INFOPLIST_FILE = YES;
				INFOPLIST_FILE = ContractorCalculatorIOS/Info.plist;
				INFOPLIST_KEY_UIApplicationSupportsIndirectInputEvents = YES;
				INFOPLIST_KEY_UILaunchStoryboardName = LaunchScreen;
				INFOPLIST_KEY_UIMainStoryboardFile = Main;
				INFOPLIST_KEY_UISupportedInterfaceOrientations_iPad = "UIInterfaceOrientationPortrait UIInterfaceOrientationPortraitUpsideDown UIInterfaceOrientationLandscapeLeft UIInterfaceOrientationLandscapeRight";
				INFOPLIST_KEY_UISupportedInterfaceOrientations_iPhone = "UIInterfaceOrientationPortrait UIInterfaceOrientationLandscapeLeft UIInterfaceOrientationLandscapeRight";
				LD_RUNPATH_SEARCH_PATHS = (
					"$(inherited)",
					"@executable_path/Frameworks",
				);
				MARKETING_VERSION = 1.0;
				PRODUCT_BUNDLE_IDENTIFIER = com.assignment.ContractorCalculatorIOS;
				PRODUCT_NAME = "$(TARGET_NAME)";
				SWIFT_EMIT_LOC_STRINGS = YES;
				SWIFT_VERSION = 5.0;
				TARGETED_DEVICE_FAMILY = "1,2";
			};
			name = Debug;
		};
		DEF86868292A9DFB00C70CAE /* Release */ = {
			isa = XCBuildConfiguration;
			buildSettings = {
				ASSETCATALOG_COMPILER_APPICON_NAME = AppIcon;
				ASSETCATALOG_COMPILER_GLOBAL_ACCENT_COLOR_NAME = AccentColor;
				CODE_SIGN_STYLE = Automatic;
				CURRENT_PROJECT_VERSION = 1;
				GENERATE_INFOPLIST_FILE = YES;
				INFOPLIST_FILE = ContractorCalculatorIOS/Info.plist;
				INFOPLIST_KEY_UIApplicationSupportsIndirectInputEvents = YES;
				INFOPLIST_KEY_UILaunchStoryboardName = LaunchScreen;
				INFOPLIST_KEY_UIMainStoryboardFile = Main;
				INFOPLIST_KEY_UISupportedInterfaceOrientations_iPad = "UIInterfaceOrientationPortrait UIInterfaceOrientationPortraitUpsideDown UIInterfaceOrientationLandscapeLeft UIInterfaceOrientationLandscapeRight";
				INFOPLIST_KEY_UISupportedInterfaceOrientations_iPhone = "UIInterfaceOrientationPortrait UIInterfaceOrientationLandscapeLeft UIInterfaceOrientationLandscapeRight";
				LD_RUNPATH_SEARCH_PATHS = (
					"$(inherited)",
					"@executable_path/Frameworks",
				);
				MARKETING_VERSION = 1.0;
				PRODUCT_BUNDLE_IDENTIFIER = com.assignment.ContractorCalculatorIOS;
				PRODUCT_NAME = "$(TARGET_NAME)";
				SWIFT_EMIT_LOC_STRINGS = YES;
				SWIFT_VERSION = 5.0;
				TARGETED_DEVICE_FAMILY = "1,2";
			};
			name = Release;
		};
		DEF8686A292A9DFB00C70CAE /* Debug */ = {
			isa = XCBuildConfiguration;
			buildSettings = {
				ALWAYS_EMBED_SWIFT_STANDARD_LIBRARIES = YES;
				BUNDLE_LOADER = "$(TEST_HOST)";
				CODE_SIGN_STYLE = Automatic;
				CURRENT_PROJECT_VERSION = 1;
				GENERATE_INFOPLIST_FILE = YES;
				IPHONEOS_DEPLOYMENT_TARGET = 16.1;
				MARKETING_VERSION = 1.0;
				PRODUCT_BUNDLE_IDENTIFIER = com.assignment.ContractorCalculatorIOSTests;
				PRODUCT_NAME = "$(TARGET_NAME)";
				SWIFT_EMIT_LOC_STRINGS = NO;
				SWIFT_VERSION = 5.0;
				TARGETED_DEVICE_FAMILY = "1,2";
				TEST_HOST = "$(BUILT_PRODUCTS_DIR)/ContractorCalculatorIOS.app/$(BUNDLE_EXECUTABLE_FOLDER_PATH)/ContractorCalculatorIOS";
			};
			name = Debug;
		};
		DEF8686B292A9DFB00C70CAE /* Release */ = {
			isa = XCBuildConfiguration;
			buildSettings = {
				ALWAYS_EMBED_SWIFT_STANDARD_LIBRARIES = YES;
				BUNDLE_LOADER = "$(TEST_HOST)";
				CODE_SIGN_STYLE = Automatic;
				CURRENT_PROJECT_VERSION = 1;
				GENERATE_INFOPLIST_FILE = YES;
				IPHONEOS_DEPLOYMENT_TARGET = 16.1;
				MARKETING_VERSION = 1.0;
				PRODUCT_BUNDLE_IDENTIFIER = com.assignment.ContractorCalculatorIOSTests;
				PRODUCT_NAME = "$(TARGET_NAME)";
				SWIFT_EMIT_LOC_STRINGS = NO;
				SWIFT_VERSION = 5.0;
				TARGETED_DEVICE_FAMILY = "1,2";
				TEST_HOST = "$(BUILT_PRODUCTS_DIR)/ContractorCalculatorIOS.app/$(BUNDLE_EXECUTABLE_FOLDER_PATH)/ContractorCalculatorIOS";
			};
			name = Release;
		};
		DEF8686D292A9DFB00C70CAE /* Debug */ = {
			isa = XCBuildConfiguration;
			buildSettings = {
				ALWAYS_EMBED_SWIFT_STANDARD_LIBRARIES = YES;
				CODE_SIGN_STYLE = Automatic;
				CURRENT_PROJECT_VERSION = 1;
				GENERATE_INFOPLIST_FILE = YES;
				MARKETING_VERSION = 1.0;
				PRODUCT_BUNDLE_IDENTIFIER = com.assignment.ContractorCalculatorIOSUITests;
				PRODUCT_NAME = "$(TARGET_NAME)";
				SWIFT_EMIT_LOC_STRINGS = NO;
				SWIFT_VERSION = 5.0;
				TARGETED_DEVICE_FAMILY = "1,2";
				TEST_TARGET_NAME = ContractorCalculatorIOS;
			};
			name = Debug;
		};
		DEF8686E292A9DFB00C70CAE /* Release */ = {
			isa = XCBuildConfiguration;
			buildSettings = {
				ALWAYS_EMBED_SWIFT_STANDARD_LIBRARIES = YES;
				CODE_SIGN_STYLE = Automatic;
				CURRENT_PROJECT_VERSION = 1;
				GENERATE_INFOPLIST_FILE = YES;
				MARKETING_VERSION = 1.0;
				PRODUCT_BUNDLE_IDENTIFIER = com.assignment.ContractorCalculatorIOSUITests;
				PRODUCT_NAME = "$(TARGET_NAME)";
				SWIFT_EMIT_LOC_STRINGS = NO;
				SWIFT_VERSION = 5.0;
				TARGETED_DEVICE_FAMILY = "1,2";
				TEST_TARGET_NAME = ContractorCalculatorIOS;
			};
			name = Release;
		};
/* End XCBuildConfiguration section */

/* Begin XCConfigurationList section */
		DEF86837292A9DF800C70CAE /* Build configuration list for PBXProject "ContractorCalculatorIOS" */ = {
			isa = XCConfigurationList;
			buildConfigurations = (
				DEF86864292A9DFB00C70CAE /* Debug */,
				DEF86865292A9DFB00C70CAE /* Release */,
			);
			defaultConfigurationIsVisible = 0;
			defaultConfigurationName = Release;
		};
		DEF86866292A9DFB00C70CAE /* Build configuration list for PBXNativeTarget "ContractorCalculatorIOS" */ = {
			isa = XCConfigurationList;
			buildConfigurations = (
				DEF86867292A9DFB00C70CAE /* Debug */,
				DEF86868292A9DFB00C70CAE /* Release */,
			);
			defaultConfigurationIsVisible = 0;
			defaultConfigurationName = Release;
		};
		DEF86869292A9DFB00C70CAE /* Build configuration list for PBXNativeTarget "ContractorCalculatorIOSTests" */ = {
			isa = XCConfigurationList;
			buildConfigurations = (
				DEF8686A292A9DFB00C70CAE /* Debug */,
				DEF8686B292A9DFB00C70CAE /* Release */,
			);
			defaultConfigurationIsVisible = 0;
			defaultConfigurationName = Release;
		};
		DEF8686C292A9DFB00C70CAE /* Build configuration list for PBXNativeTarget "ContractorCalculatorIOSUITests" */ = {
			isa = XCConfigurationList;
			buildConfigurations = (
				DEF8686D292A9DFB00C70CAE /* Debug */,
				DEF8686E292A9DFB00C70CAE /* Release */,
			);
			defaultConfigurationIsVisible = 0;
			defaultConfigurationName = Release;
		};
/* End XCConfigurationList section */
	};
	rootObject = DEF86834292A9DF800C70CAE /* Project object */;
}
